
Microsoft Visual Studio Solution File, Format Version 12.00
# Visual Studio 15
VisualStudioVersion = 15.0.34031.82
MinimumVisualStudioVersion = 10.0.40219.1
Project("{FAE04EC0-301F-11D3-BF4B-00C04F79EFBC}") = "Tatlıcı Otomasyonu", "Tatlıcı Otomasyonu\Tatlıcı Otomasyonu.csproj", "{C7148F8D-51DD-409B-9EDA-E8436FFB1742}"
EndProject
Project("{54435603-DBB4-11D2-8724-00A0C9A8B90C}") = "pusatatlici", "pusatatlici\pusatatlici.vdproj", "{4FEEEE6A-367B-4791-9240-ABA3A546D14A}"
EndProject
Global
	GlobalSection(SolutionConfigurationPlatforms) = preSolution
		Debug|Any CPU = Debug|Any CPU
		Release|Any CPU = Release|Any CPU
	EndGlobalSection
	GlobalSection(ProjectConfigurationPlatforms) = postSolution
		{C7148F8D-51DD-409B-9EDA-E8436FFB1742}.Debug|Any CPU.ActiveCfg = Debug|Any CPU
		{C7148F8D-51DD-409B-9EDA-E8436FFB1742}.Debug|Any CPU.Build.0 = Debug|Any CPU
		{C7148F8D-51DD-409B-9EDA-E8436FFB1742}.Release|Any CPU.ActiveCfg = Release|Any CPU
		{C7148F8D-51DD-409B-9EDA-E8436FFB1742}.Release|Any CPU.Build.0 = Release|Any CPU
		{4FEEEE6A-367B-4791-9240-ABA3A546D14A}.Debug|Any CPU.ActiveCfg = Debug
		{4FEEEE6A-367B-4791-9240-ABA3A546D14A}.Release|Any CPU.ActiveCfg = Release
	EndGlobalSection
	GlobalSection(SolutionProperties) = preSolution
		HideSolutionNode = FALSE
	EndGlobalSection
	GlobalSection(ExtensibilityGlobals) = postSolution
		SolutionGuid = {3A336529-64FD-498F-BF19-E5032AD56AF1}
	EndGlobalSection
EndGlobal
